# Generated by scripts/skills.sh: upstream revision behind each vendor/ copy.
grill-me	mattpocock:skills/productivity/grilling	c55ee46073ed923f86ce59a5eb3b6d895095d1b7
handoff	mattpocock:skills/productivity/handoff	c55ee46073ed923f86ce59a5eb3b6d895095d1b7
research	mattpocock:skills/engineering/research	c55ee46073ed923f86ce59a5eb3b6d895095d1b7
writing-great-skills	mattpocock:skills/productivity/writing-for-agents	c55ee46073ed923f86ce59a5eb3b6d895095d1b7
